
Microsoft Visual Studio Solution File, Format Version 12.00
# Visual Studio Version 17
VisualStudioVersion = 17.3.32811.315
MinimumVisualStudioVersion = 10.0.40219.1
Project("{8BC9CEB8-8B4A-11D0-8D11-00A0C91BC942}") = "Main", "Main\Main.vcxproj", "{CCFFC416-75FA-49D4-8A96-657A8222A061}"
EndProject
Project("{8BC9CEB8-8B4A-11D0-8D11-00A0C91BC942}") = "GaleryCore", "GaleryCore\GaleryCore.vcxproj", "{1AEC864D-F3F2-4383-A2B1-C84ED7916069}"
EndProject
Project("{8BC9CEB8-8B4A-11D0-8D11-00A0C91BC942}") = "GaleryGUI", "GaleryGUI\GaleryGUI.vcxproj", "{0950393A-5725-479C-9AE0-5725A8FA170D}"
EndProject
Project("{8BC9CEB8-8B4A-11D0-8D11-00A0C91BC942}") = "QmlGUI", "QmlGUI\QmlGUI.vcxproj", "{4146F0D3-BE28-4966-82DA-9B1ED3C9C6F2}"
EndProject
Project("{8BC9CEB8-8B4A-11D0-8D11-00A0C91BC942}") = "OpenGL_example", "OpenGL_example\OpenGL_example.vcxproj", "{85EBAF2B-A58B-4757-A322-7FE536D8611F}"
EndProject
Project("{8BC9CEB8-8B4A-11D0-8D11-00A0C91BC942}") = "GanttChart", "GanttChart\GanttChart.vcxproj", "{A882B560-43A6-442A-862D-814E4C13B9DD}"
EndProject
Project("{8BC9CEB8-8B4A-11D0-8D11-00A0C91BC942}") = "GanttChart2", "GanttChart2\GanttChart2.vcxproj", "{8C89B7C4-46AE-4EA1-A9FE-FE5F1FB4E944}"
EndProject
Project("{8BC9CEB8-8B4A-11D0-8D11-00A0C91BC942}") = "ImageProcess", "ImageProcess\ImageProcess.vcxproj", "{8753C61F-8631-4C7D-A014-6C52D657E04B}"
EndProject
Project("{8BC9CEB8-8B4A-11D0-8D11-00A0C91BC942}") = "Mandelbrot", "Mandelbrot\Mandelbrot.vcxproj", "{BB810724-9541-4C86-9D1C-E3142554E75F}"
EndProject
Global
	GlobalSection(SolutionConfigurationPlatforms) = preSolution
		Debug|x64 = Debug|x64
		Debug|x86 = Debug|x86
		Release|x64 = Release|x64
		Release|x86 = Release|x86
	EndGlobalSection
	GlobalSection(ProjectConfigurationPlatforms) = postSolution
		{CCFFC416-75FA-49D4-8A96-657A8222A061}.Debug|x64.ActiveCfg = Debug|x64
		{CCFFC416-75FA-49D4-8A96-657A8222A061}.Debug|x64.Build.0 = Debug|x64
		{CCFFC416-75FA-49D4-8A96-657A8222A061}.Debug|x86.ActiveCfg = Debug|Win32
		{CCFFC416-75FA-49D4-8A96-657A8222A061}.Debug|x86.Build.0 = Debug|Win32
		{CCFFC416-75FA-49D4-8A96-657A8222A061}.Release|x64.ActiveCfg = Release|x64
		{CCFFC416-75FA-49D4-8A96-657A8222A061}.Release|x64.Build.0 = Release|x64
		{CCFFC416-75FA-49D4-8A96-657A8222A061}.Release|x86.ActiveCfg = Release|Win32
		{CCFFC416-75FA-49D4-8A96-657A8222A061}.Release|x86.Build.0 = Release|Win32
		{1AEC864D-F3F2-4383-A2B1-C84ED7916069}.Debug|x64.ActiveCfg = Debug|x64
		{1AEC864D-F3F2-4383-A2B1-C84ED7916069}.Debug|x64.Build.0 = Debug|x64
		{1AEC864D-F3F2-4383-A2B1-C84ED7916069}.Debug|x86.ActiveCfg = Debug|Win32
		{1AEC864D-F3F2-4383-A2B1-C84ED7916069}.Debug|x86.Build.0 = Debug|Win32
		{1AEC864D-F3F2-4383-A2B1-C84ED7916069}.Release|x64.ActiveCfg = Release|x64
		{1AEC864D-F3F2-4383-A2B1-C84ED7916069}.Release|x64.Build.0 = Release|x64
		{1AEC864D-F3F2-4383-A2B1-C84ED7916069}.Release|x86.ActiveCfg = Release|Win32
		{1AEC864D-F3F2-4383-A2B1-C84ED7916069}.Release|x86.Build.0 = Release|Win32
		{0950393A-5725-479C-9AE0-5725A8FA170D}.Debug|x64.ActiveCfg = Debug|x64
		{0950393A-5725-479C-9AE0-5725A8FA170D}.Debug|x64.Build.0 = Debug|x64
		{0950393A-5725-479C-9AE0-5725A8FA170D}.Debug|x86.ActiveCfg = Debug|Win32
		{0950393A-5725-479C-9AE0-5725A8FA170D}.Debug|x86.Build.0 = Debug|Win32
		{0950393A-5725-479C-9AE0-5725A8FA170D}.Release|x64.ActiveCfg = Release|x64
		{0950393A-5725-479C-9AE0-5725A8FA170D}.Release|x64.Build.0 = Release|x64
		{0950393A-5725-479C-9AE0-5725A8FA170D}.Release|x86.ActiveCfg = Release|Win32
		{0950393A-5725-479C-9AE0-5725A8FA170D}.Release|x86.Build.0 = Release|Win32
		{4146F0D3-BE28-4966-82DA-9B1ED3C9C6F2}.Debug|x64.ActiveCfg = Debug|x64
		{4146F0D3-BE28-4966-82DA-9B1ED3C9C6F2}.Debug|x64.Build.0 = Debug|x64
		{4146F0D3-BE28-4966-82DA-9B1ED3C9C6F2}.Debug|x86.ActiveCfg = Debug|Win32
		{4146F0D3-BE28-4966-82DA-9B1ED3C9C6F2}.Debug|x86.Build.0 = Debug|Win32
		{4146F0D3-BE28-4966-82DA-9B1ED3C9C6F2}.Release|x64.ActiveCfg = Release|x64
		{4146F0D3-BE28-4966-82DA-9B1ED3C9C6F2}.Release|x64.Build.0 = Release|x64
		{4146F0D3-BE28-4966-82DA-9B1ED3C9C6F2}.Release|x86.ActiveCfg = Release|Win32
		{4146F0D3-BE28-4966-82DA-9B1ED3C9C6F2}.Release|x86.Build.0 = Release|Win32
		{85EBAF2B-A58B-4757-A322-7FE536D8611F}.Debug|x64.ActiveCfg = Debug|x64
		{85EBAF2B-A58B-4757-A322-7FE536D8611F}.Debug|x64.Build.0 = Debug|x64
		{85EBAF2B-A58B-4757-A322-7FE536D8611F}.Debug|x86.ActiveCfg = Debug|Win32
		{85EBAF2B-A58B-4757-A322-7FE536D8611F}.Debug|x86.Build.0 = Debug|Win32
		{85EBAF2B-A58B-4757-A322-7FE536D8611F}.Release|x64.ActiveCfg = Release|x64
		{85EBAF2B-A58B-4757-A322-7FE536D8611F}.Release|x64.Build.0 = Release|x64
		{85EBAF2B-A58B-4757-A322-7FE536D8611F}.Release|x86.ActiveCfg = Release|Win32
		{85EBAF2B-A58B-4757-A322-7FE536D8611F}.Release|x86.Build.0 = Release|Win32
		{A882B560-43A6-442A-862D-814E4C13B9DD}.Debug|x64.ActiveCfg = Debug|x64
		{A882B560-43A6-442A-862D-814E4C13B9DD}.Debug|x64.Build.0 = Debug|x64
		{A882B560-43A6-442A-862D-814E4C13B9DD}.Debug|x86.ActiveCfg = Debug|Win32
		{A882B560-43A6-442A-862D-814E4C13B9DD}.Debug|x86.Build.0 = Debug|Win32
		{A882B560-43A6-442A-862D-814E4C13B9DD}.Release|x64.ActiveCfg = Release|x64
		{A882B560-43A6-442A-862D-814E4C13B9DD}.Release|x64.Build.0 = Release|x64
		{A882B560-43A6-442A-862D-814E4C13B9DD}.Release|x86.ActiveCfg = Release|Win32
		{A882B560-43A6-442A-862D-814E4C13B9DD}.Release|x86.Build.0 = Release|Win32
		{8C89B7C4-46AE-4EA1-A9FE-FE5F1FB4E944}.Debug|x64.ActiveCfg = Debug|x64
		{8C89B7C4-46AE-4EA1-A9FE-FE5F1FB4E944}.Debug|x64.Build.0 = Debug|x64
		{8C89B7C4-46AE-4EA1-A9FE-FE5F1FB4E944}.Debug|x86.ActiveCfg = Debug|Win32
		{8C89B7C4-46AE-4EA1-A9FE-FE5F1FB4E944}.Debug|x86.Build.0 = Debug|Win32
		{8C89B7C4-46AE-4EA1-A9FE-FE5F1FB4E944}.Release|x64.ActiveCfg = Release|x64
		{8C89B7C4-46AE-4EA1-A9FE-FE5F1FB4E944}.Release|x64.Build.0 = Release|x64
		{8C89B7C4-46AE-4EA1-A9FE-FE5F1FB4E944}.Release|x86.ActiveCfg = Release|Win32
		{8C89B7C4-46AE-4EA1-A9FE-FE5F1FB4E944}.Release|x86.Build.0 = Release|Win32
		{8753C61F-8631-4C7D-A014-6C52D657E04B}.Debug|x64.ActiveCfg = Debug|x64
		{8753C61F-8631-4C7D-A014-6C52D657E04B}.Debug|x64.Build.0 = Debug|x64
		{8753C61F-8631-4C7D-A014-6C52D657E04B}.Debug|x86.ActiveCfg = Debug|x64
		{8753C61F-8631-4C7D-A014-6C52D657E04B}.Debug|x86.Build.0 = Debug|x64
		{8753C61F-8631-4C7D-A014-6C52D657E04B}.Release|x64.ActiveCfg = Release|x64
		{8753C61F-8631-4C7D-A014-6C52D657E04B}.Release|x64.Build.0 = Release|x64
		{8753C61F-8631-4C7D-A014-6C52D657E04B}.Release|x86.ActiveCfg = Release|x64
		{8753C61F-8631-4C7D-A014-6C52D657E04B}.Release|x86.Build.0 = Release|x64
		{BB810724-9541-4C86-9D1C-E3142554E75F}.Debug|x64.ActiveCfg = Debug|x64
		{BB810724-9541-4C86-9D1C-E3142554E75F}.Debug|x64.Build.0 = Debug|x64
		{BB810724-9541-4C86-9D1C-E3142554E75F}.Debug|x86.ActiveCfg = Debug|x64
		{BB810724-9541-4C86-9D1C-E3142554E75F}.Debug|x86.Build.0 = Debug|x64
		{BB810724-9541-4C86-9D1C-E3142554E75F}.Release|x64.ActiveCfg = Release|x64
		{BB810724-9541-4C86-9D1C-E3142554E75F}.Release|x64.Build.0 = Release|x64
		{BB810724-9541-4C86-9D1C-E3142554E75F}.Release|x86.ActiveCfg = Release|x64
		{BB810724-9541-4C86-9D1C-E3142554E75F}.Release|x86.Build.0 = Release|x64
	EndGlobalSection
	GlobalSection(SolutionProperties) = preSolution
		HideSolutionNode = FALSE
	EndGlobalSection
	GlobalSection(ExtensibilityGlobals) = postSolution
		SolutionGuid = {57A33667-5CFB-4D68-BE65-C574AAECFEE3}
	EndGlobalSection
EndGlobal
